// !$*UTF8*$!
{
	archiveVersion = 1;
	classes = {
	};
	objectVersion = 51;
	objects = {

/* Begin PBXBuildFile section */
		AF7AA48B6B0745D855F14F1B /* Pods_TedioffNubankTests.framework in Frameworks */ = {isa = PBXBuildFile; fileRef = CF1CCF17724E9155273473A9 /* Pods_TedioffNubankTests.framework */; };
		DEA25E14B8E23925A2557B06 /* Pods_TedioffNubank.framework in Frameworks */ = {isa = PBXBuildFile; fileRef = 255825DDFE423481FDD70939 /* Pods_TedioffNubank.framework */; };
		E53DA8BC23215FDE004D3E99 /* Controller.swift in Sources */ = {isa = PBXBuildFile; fileRef = E53DA8BB23215FDE004D3E99 /* Controller.swift */; };
		E53DA8BE2322DE06004D3E99 /* BaseView.swift in Sources */ = {isa = PBXBuildFile; fileRef = E53DA8BD2322DE06004D3E99 /* BaseView.swift */; };
		E53DA8C023232AA0004D3E99 /* ActivityManager.swift in Sources */ = {isa = PBXBuildFile; fileRef = E53DA8BF23232AA0004D3E99 /* ActivityManager.swift */; };
		E55A12E5231EBF5A0089ED13 /* AppDelegate.swift in Sources */ = {isa = PBXBuildFile; fileRef = E55A12E4231EBF5A0089ED13 /* AppDelegate.swift */; };
		E55A12FD231EBF5C0089ED13 /* TedioffNubankTests.swift in Sources */ = {isa = PBXBuildFile; fileRef = E55A12FC231EBF5C0089ED13 /* TedioffNubankTests.swift */; };
		E55A1308231EBF5C0089ED13 /* TedioffNubankUITests.swift in Sources */ = {isa = PBXBuildFile; fileRef = E55A1307231EBF5C0089ED13 /* TedioffNubankUITests.swift */; };
		E55A132C231EC1160089ED13 /* Assets.xcassets in Resources */ = {isa = PBXBuildFile; fileRef = E55A1316231EC1160089ED13 /* Assets.xcassets */; };
		E55A132D231EC1160089ED13 /* LaunchScreen.storyboard in Resources */ = {isa = PBXBuildFile; fileRef = E55A1317231EC1160089ED13 /* LaunchScreen.storyboard */; };
		E55A132E231EC1160089ED13 /* GetActivityView.swift in Sources */ = {isa = PBXBuildFile; fileRef = E55A131A231EC1160089ED13 /* GetActivityView.swift */; };
		E55A132F231EC1160089ED13 /* CardView.swift in Sources */ = {isa = PBXBuildFile; fileRef = E55A131B231EC1160089ED13 /* CardView.swift */; };
		E55A1330231EC1160089ED13 /* UIColor+Custom.swift in Sources */ = {isa = PBXBuildFile; fileRef = E55A131D231EC1160089ED13 /* UIColor+Custom.swift */; };
		E55A1331231EC1160089ED13 /* UIFonts+Custom.swift in Sources */ = {isa = PBXBuildFile; fileRef = E55A131E231EC1160089ED13 /* UIFonts+Custom.swift */; };
		E55A1332231EC1160089ED13 /* UIView+Constraints.swift in Sources */ = {isa = PBXBuildFile; fileRef = E55A131F231EC1160089ED13 /* UIView+Constraints.swift */; };
		E55A1333231EC1160089ED13 /* CardRowView.swift in Sources */ = {isa = PBXBuildFile; fileRef = E55A1320231EC1160089ED13 /* CardRowView.swift */; };
		E55A1334231EC1160089ED13 /* CardViewModel.swift in Sources */ = {isa = PBXBuildFile; fileRef = E55A1322231EC1160089ED13 /* CardViewModel.swift */; };
		E55A1335231EC1160089ED13 /* MainViewModel.swift in Sources */ = {isa = PBXBuildFile; fileRef = E55A1323231EC1160089ED13 /* MainViewModel.swift */; };
		E55A1336231EC1160089ED13 /* CardRowViewModel.swift in Sources */ = {isa = PBXBuildFile; fileRef = E55A1324231EC1160089ED13 /* CardRowViewModel.swift */; };
		E55A1337231EC1160089ED13 /* Network.swift in Sources */ = {isa = PBXBuildFile; fileRef = E55A1326231EC1160089ED13 /* Network.swift */; };
		E55A1338231EC1160089ED13 /* ActivityType.swift in Sources */ = {isa = PBXBuildFile; fileRef = E55A1327231EC1160089ED13 /* ActivityType.swift */; };
		E55A1339231EC1160089ED13 /* Activity.swift in Sources */ = {isa = PBXBuildFile; fileRef = E55A1328231EC1160089ED13 /* Activity.swift */; };
		E55A133A231EC1160089ED13 /* NetworkError.swift in Sources */ = {isa = PBXBuildFile; fileRef = E55A1329231EC1160089ED13 /* NetworkError.swift */; };
		E55A133B231EC1160089ED13 /* TedioffNubank.xcdatamodeld in Sources */ = {isa = PBXBuildFile; fileRef = E55A132A231EC1160089ED13 /* TedioffNubank.xcdatamodeld */; };
		E55A133E231EC11E0089ED13 /* ViewController.swift in Sources */ = {isa = PBXBuildFile; fileRef = E55A133D231EC11D0089ED13 /* ViewController.swift */; };
		FCC437173FFE6B99DFCE93BF /* Pods_TedioffNubankUITests.framework in Frameworks */ = {isa = PBXBuildFile; fileRef = C6399B7568640DC5C05ABAD9 /* Pods_TedioffNubankUITests.framework */; };
/* End PBXBuildFile section */

/* Begin PBXContainerItemProxy section */
		E55A12F9231EBF5C0089ED13 /* PBXContainerItemProxy */ = {
			isa = PBXContainerItemProxy;
			containerPortal = E55A12D9231EBF590089ED13 /* Project object */;
			proxyType = 1;
			remoteGlobalIDString = E55A12E0231EBF590089ED13;
			remoteInfo = TedioffNubank;
		};
		E55A1304231EBF5C0089ED13 /* PBXContainerItemProxy */ = {
			isa = PBXContainerItemProxy;
			containerPortal = E55A12D9231EBF590089ED13 /* Project object */;
			proxyType = 1;
			remoteGlobalIDString = E55A12E0231EBF590089ED13;
			remoteInfo = TedioffNubank;
		};
/* End PBXContainerItemProxy section */

/* Begin PBXFileReference section */
		06813D7A9CF76C32F8BE7D36 /* Pods-TedioffNubank.release.xcconfig */ = {isa = PBXFileReference; includeInIndex = 1; lastKnownFileType = text.xcconfig; name = "Pods-TedioffNubank.release.xcconfig"; path = "Target Support Files/Pods-TedioffNubank/Pods-TedioffNubank.release.xcconfig"; sourceTree = "<group>"; };
		255825DDFE423481FDD70939 /* Pods_TedioffNubank.framework */ = {isa = PBXFileReference; explicitFileType = wrapper.framework; includeInIndex = 0; path = Pods_TedioffNubank.framework; sourceTree = BUILT_PRODUCTS_DIR; };
		7DF441CC5987883F99341D67 /* Pods-TedioffNubankTests.release.xcconfig */ = {isa = PBXFileReference; includeInIndex = 1; lastKnownFileType = text.xcconfig; name = "Pods-TedioffNubankTests.release.xcconfig"; path = "Target Support Files/Pods-TedioffNubankTests/Pods-TedioffNubankTests.release.xcconfig"; sourceTree = "<group>"; };
		B0C0FACD09985737A18AA294 /* Pods-TedioffNubankUITests.release.xcconfig */ = {isa = PBXFileReference; includeInIndex = 1; lastKnownFileType = text.xcconfig; name = "Pods-TedioffNubankUITests.release.xcconfig"; path = "Target Support Files/Pods-TedioffNubankUITests/Pods-TedioffNubankUITests.release.xcconfig"; sourceTree = "<group>"; };
		C6399B7568640DC5C05ABAD9 /* Pods_TedioffNubankUITests.framework */ = {isa = PBXFileReference; explicitFileType = wrapper.framework; includeInIndex = 0; path = Pods_TedioffNubankUITests.framework; sourceTree = BUILT_PRODUCTS_DIR; };
		CF1CCF17724E9155273473A9 /* Pods_TedioffNubankTests.framework */ = {isa = PBXFileReference; explicitFileType = wrapper.framework; includeInIndex = 0; path = Pods_TedioffNubankTests.framework; sourceTree = BUILT_PRODUCTS_DIR; };
		DC3442C90D8B388D402D8A56 /* Pods-TedioffNubankUITests.debug.xcconfig */ = {isa = PBXFileReference; includeInIndex = 1; lastKnownFileType = text.xcconfig; name = "Pods-TedioffNubankUITests.debug.xcconfig"; path = "Target Support Files/Pods-TedioffNubankUITests/Pods-TedioffNubankUITests.debug.xcconfig"; sourceTree = "<group>"; };
		E53DA8BB23215FDE004D3E99 /* Controller.swift */ = {isa = PBXFileReference; lastKnownFileType = sourcecode.swift; path = Controller.swift; sourceTree = "<group>"; };
		E53DA8BD2322DE06004D3E99 /* BaseView.swift */ = {isa = PBXFileReference; lastKnownFileType = sourcecode.swift; path = BaseView.swift; sourceTree = "<group>"; };
		E53DA8BF23232AA0004D3E99 /* ActivityManager.swift */ = {isa = PBXFileReference; lastKnownFileType = sourcecode.swift; path = ActivityManager.swift; sourceTree = "<group>"; };
		E55A12E1231EBF590089ED13 /* TedioffNubank.app */ = {isa = PBXFileReference; explicitFileType = wrapper.application; includeInIndex = 0; path = TedioffNubank.app; sourceTree = BUILT_PRODUCTS_DIR; };
		E55A12E4231EBF5A0089ED13 /* AppDelegate.swift */ = {isa = PBXFileReference; lastKnownFileType = sourcecode.swift; path = AppDelegate.swift; sourceTree = "<group>"; };
		E55A12F3231EBF5C0089ED13 /* Info.plist */ = {isa = PBXFileReference; lastKnownFileType = text.plist.xml; path = Info.plist; sourceTree = "<group>"; };
		E55A12F8231EBF5C0089ED13 /* TedioffNubankTests.xctest */ = {isa = PBXFileReference; explicitFileType = wrapper.cfbundle; includeInIndex = 0; path = TedioffNubankTests.xctest; sourceTree = BUILT_PRODUCTS_DIR; };
		E55A12FC231EBF5C0089ED13 /* TedioffNubankTests.swift */ = {isa = PBXFileReference; lastKnownFileType = sourcecode.swift; path = TedioffNubankTests.swift; sourceTree = "<group>"; };
		E55A12FE231EBF5C0089ED13 /* Info.plist */ = {isa = PBXFileReference; lastKnownFileType = text.plist.xml; path = Info.plist; sourceTree = "<group>"; };
		E55A1303231EBF5C0089ED13 /* TedioffNubankUITests.xctest */ = {isa = PBXFileReference; explicitFileType = wrapper.cfbundle; includeInIndex = 0; path = TedioffNubankUITests.xctest; sourceTree = BUILT_PRODUCTS_DIR; };
		E55A1307231EBF5C0089ED13 /* TedioffNubankUITests.swift */ = {isa = PBXFileReference; lastKnownFileType = sourcecode.swift; path = TedioffNubankUITests.swift; sourceTree = "<group>"; };
		E55A1309231EBF5C0089ED13 /* Info.plist */ = {isa = PBXFileReference; lastKnownFileType = text.plist.xml; path = Info.plist; sourceTree = "<group>"; };
		E55A1316231EC1160089ED13 /* Assets.xcassets */ = {isa = PBXFileReference; lastKnownFileType = folder.assetcatalog; path = Assets.xcassets; sourceTree = "<group>"; };
		E55A1318231EC1160089ED13 /* Base */ = {isa = PBXFileReference; lastKnownFileType = file.storyboard; name = Base; path = Base.lproj/LaunchScreen.storyboard; sourceTree = "<group>"; };
		E55A131A231EC1160089ED13 /* GetActivityView.swift */ = {isa = PBXFileReference; fileEncoding = 4; lastKnownFileType = sourcecode.swift; path = GetActivityView.swift; sourceTree = "<group>"; };
		E55A131B231EC1160089ED13 /* CardView.swift */ = {isa = PBXFileReference; fileEncoding = 4; lastKnownFileType = sourcecode.swift; path = CardView.swift; sourceTree = "<group>"; };
		E55A131D231EC1160089ED13 /* UIColor+Custom.swift */ = {isa = PBXFileReference; fileEncoding = 4; lastKnownFileType = sourcecode.swift; path = "UIColor+Custom.swift"; sourceTree = "<group>"; };
		E55A131E231EC1160089ED13 /* UIFonts+Custom.swift */ = {isa = PBXFileReference; fileEncoding = 4; lastKnownFileType = sourcecode.swift; path = "UIFonts+Custom.swift"; sourceTree = "<group>"; };
		E55A131F231EC1160089ED13 /* UIView+Constraints.swift */ = {isa = PBXFileReference; fileEncoding = 4; lastKnownFileType = sourcecode.swift; path = "UIView+Constraints.swift"; sourceTree = "<group>"; };
		E55A1320231EC1160089ED13 /* CardRowView.swift */ = {isa = PBXFileReference; fileEncoding = 4; lastKnownFileType = sourcecode.swift; path = CardRowView.swift; sourceTree = "<group>"; };
		E55A1322231EC1160089ED13 /* CardViewModel.swift */ = {isa = PBXFileReference; fileEncoding = 4; lastKnownFileType = sourcecode.swift; path = CardViewModel.swift; sourceTree = "<group>"; };
		E55A1323231EC1160089ED13 /* MainViewModel.swift */ = {isa = PBXFileReference; fileEncoding = 4; lastKnownFileType = sourcecode.swift; path = MainViewModel.swift; sourceTree = "<group>"; };
		E55A1324231EC1160089ED13 /* CardRowViewModel.swift */ = {isa = PBXFileReference; fileEncoding = 4; lastKnownFileType = sourcecode.swift; path = CardRowViewModel.swift; sourceTree = "<group>"; };
		E55A1326231EC1160089ED13 /* Network.swift */ = {isa = PBXFileReference; fileEncoding = 4; lastKnownFileType = sourcecode.swift; path = Network.swift; sourceTree = "<group>"; };
		E55A1327231EC1160089ED13 /* ActivityType.swift */ = {isa = PBXFileReference; fileEncoding = 4; lastKnownFileType = sourcecode.swift; path = ActivityType.swift; sourceTree = "<group>"; };
		E55A1328231EC1160089ED13 /* Activity.swift */ = {isa = PBXFileReference; fileEncoding = 4; lastKnownFileType = sourcecode.swift; path = Activity.swift; sourceTree = "<group>"; };
		E55A1329231EC1160089ED13 /* NetworkError.swift */ = {isa = PBXFileReference; fileEncoding = 4; lastKnownFileType = sourcecode.swift; path = NetworkError.swift; sourceTree = "<group>"; };
		E55A132B231EC1160089ED13 /* TedioffNubank.xcdatamodel */ = {isa = PBXFileReference; lastKnownFileType = wrapper.xcdatamodel; path = TedioffNubank.xcdatamodel; sourceTree = "<group>"; };
		E55A133D231EC11D0089ED13 /* ViewController.swift */ = {isa = PBXFileReference; fileEncoding = 4; lastKnownFileType = sourcecode.swift; path = ViewController.swift; sourceTree = "<group>"; };
		E5E59E47CC580B1589065B06 /* Pods-TedioffNubank.debug.xcconfig */ = {isa = PBXFileReference; includeInIndex = 1; lastKnownFileType = text.xcconfig; name = "Pods-TedioffNubank.debug.xcconfig"; path = "Target Support Files/Pods-TedioffNubank/Pods-TedioffNubank.debug.xcconfig"; sourceTree = "<group>"; };
		EFEA06CD3740F8373BD8F2E7 /* Pods-TedioffNubankTests.debug.xcconfig */ = {isa = PBXFileReference; includeInIndex = 1; lastKnownFileType = text.xcconfig; name = "Pods-TedioffNubankTests.debug.xcconfig"; path = "Target Support Files/Pods-TedioffNubankTests/Pods-TedioffNubankTests.debug.xcconfig"; sourceTree = "<group>"; };
/* End PBXFileReference section */

/* Begin PBXFrameworksBuildPhase section */
		E55A12DE231EBF590089ED13 /* Frameworks */ = {
			isa = PBXFrameworksBuildPhase;
			buildActionMask = 2147483647;
			files = (
				DEA25E14B8E23925A2557B06 /* Pods_TedioffNubank.framework in Frameworks */,
			);
			runOnlyForDeploymentPostprocessing = 0;
		};
		E55A12F5231EBF5C0089ED13 /* Frameworks */ = {
			isa = PBXFrameworksBuildPhase;
			buildActionMask = 2147483647;
			files = (
				AF7AA48B6B0745D855F14F1B /* Pods_TedioffNubankTests.framework in Frameworks */,
			);
			runOnlyForDeploymentPostprocessing = 0;
		};
		E55A1300231EBF5C0089ED13 /* Frameworks */ = {
			isa = PBXFrameworksBuildPhase;
			buildActionMask = 2147483647;
			files = (
				FCC437173FFE6B99DFCE93BF /* Pods_TedioffNubankUITests.framework in Frameworks */,
			);
			runOnlyForDeploymentPostprocessing = 0;
		};
/* End PBXFrameworksBuildPhase section */

/* Begin PBXGroup section */
		185AB574CD2727C0BF996332 /* Pods */ = {
			isa = PBXGroup;
			children = (
				E5E59E47CC580B1589065B06 /* Pods-TedioffNubank.debug.xcconfig */,
				06813D7A9CF76C32F8BE7D36 /* Pods-TedioffNubank.release.xcconfig */,
				EFEA06CD3740F8373BD8F2E7 /* Pods-TedioffNubankTests.debug.xcconfig */,
				7DF441CC5987883F99341D67 /* Pods-TedioffNubankTests.release.xcconfig */,
				DC3442C90D8B388D402D8A56 /* Pods-TedioffNubankUITests.debug.xcconfig */,
				B0C0FACD09985737A18AA294 /* Pods-TedioffNubankUITests.release.xcconfig */,
			);
			path = Pods;
			sourceTree = "<group>";
		};
		2C27E70DAEB045ECF8019D5D /* Frameworks */ = {
			isa = PBXGroup;
			children = (
				255825DDFE423481FDD70939 /* Pods_TedioffNubank.framework */,
				CF1CCF17724E9155273473A9 /* Pods_TedioffNubankTests.framework */,
				C6399B7568640DC5C05ABAD9 /* Pods_TedioffNubankUITests.framework */,
			);
			name = Frameworks;
			sourceTree = "<group>";
		};
		E53DA8BA23215FAE004D3E99 /* Controllers */ = {
			isa = PBXGroup;
			children = (
				E53DA8BB23215FDE004D3E99 /* Controller.swift */,
			);
			path = Controllers;
			sourceTree = "<group>";
		};
		E55A12D8231EBF590089ED13 = {
			isa = PBXGroup;
			children = (
				E55A12E3231EBF590089ED13 /* TedioffNubank */,
				E55A12FB231EBF5C0089ED13 /* TedioffNubankTests */,
				E55A1306231EBF5C0089ED13 /* TedioffNubankUITests */,
				E55A12E2231EBF590089ED13 /* Products */,
				185AB574CD2727C0BF996332 /* Pods */,
				2C27E70DAEB045ECF8019D5D /* Frameworks */,
			);
			sourceTree = "<group>";
		};
		E55A12E2231EBF590089ED13 /* Products */ = {
			isa = PBXGroup;
			children = (
				E55A12E1231EBF590089ED13 /* TedioffNubank.app */,
				E55A12F8231EBF5C0089ED13 /* TedioffNubankTests.xctest */,
				E55A1303231EBF5C0089ED13 /* TedioffNubankUITests.xctest */,
			);
			name = Products;
			sourceTree = "<group>";
		};
		E55A12E3231EBF590089ED13 /* TedioffNubank */ = {
			isa = PBXGroup;
			children = (
				E55A12F3231EBF5C0089ED13 /* Info.plist */,
				E55A12E4231EBF5A0089ED13 /* AppDelegate.swift */,
				E53DA8BA23215FAE004D3E99 /* Controllers */,
				E55A133C231EC11D0089ED13 /* ViewControllers */,
				E55A1325231EC1160089ED13 /* Models */,
				E55A1319231EC1160089ED13 /* Views */,
				E55A1321231EC1160089ED13 /* ViewModels */,
				E55A1315231EC1160089ED13 /* Resources */,
			);
			path = TedioffNubank;
			sourceTree = "<group>";
		};
		E55A12FB231EBF5C0089ED13 /* TedioffNubankTests */ = {
			isa = PBXGroup;
			children = (
				E55A12FC231EBF5C0089ED13 /* TedioffNubankTests.swift */,
				E55A12FE231EBF5C0089ED13 /* Info.plist */,
			);
			path = TedioffNubankTests;
			sourceTree = "<group>";
		};
		E55A1306231EBF5C0089ED13 /* TedioffNubankUITests */ = {
			isa = PBXGroup;
			children = (
				E55A1307231EBF5C0089ED13 /* TedioffNubankUITests.swift */,
				E55A1309231EBF5C0089ED13 /* Info.plist */,
			);
			path = TedioffNubankUITests;
			sourceTree = "<group>";
		};
		E55A1315231EC1160089ED13 /* Resources */ = {
			isa = PBXGroup;
			children = (
				E55A1316231EC1160089ED13 /* Assets.xcassets */,
				E55A1317231EC1160089ED13 /* LaunchScreen.storyboard */,
			);
			path = Resources;
			sourceTree = "<group>";
		};
		E55A1319231EC1160089ED13 /* Views */ = {
			isa = PBXGroup;
			children = (
				E55A131C231EC1160089ED13 /* Extensions */,
				E55A131A231EC1160089ED13 /* GetActivityView.swift */,
				E55A131B231EC1160089ED13 /* CardView.swift */,
				E55A1320231EC1160089ED13 /* CardRowView.swift */,
				E53DA8BD2322DE06004D3E99 /* BaseView.swift */,
			);
			path = Views;
			sourceTree = "<group>";
		};
		E55A131C231EC1160089ED13 /* Extensions */ = {
			isa = PBXGroup;
			children = (
				E55A131D231EC1160089ED13 /* UIColor+Custom.swift */,
				E55A131E231EC1160089ED13 /* UIFonts+Custom.swift */,
				E55A131F231EC1160089ED13 /* UIView+Constraints.swift */,
			);
			path = Extensions;
			sourceTree = "<group>";
		};
		E55A1321231EC1160089ED13 /* ViewModels */ = {
			isa = PBXGroup;
			children = (
				E55A1323231EC1160089ED13 /* MainViewModel.swift */,
				E55A1322231EC1160089ED13 /* CardViewModel.swift */,
				E55A1324231EC1160089ED13 /* CardRowViewModel.swift */,
			);
			path = ViewModels;
			sourceTree = "<group>";
		};
		E55A1325231EC1160089ED13 /* Models */ = {
			isa = PBXGroup;
			children = (
				E55A1326231EC1160089ED13 /* Network.swift */,
				E55A1327231EC1160089ED13 /* ActivityType.swift */,
				E55A1328231EC1160089ED13 /* Activity.swift */,
				E55A1329231EC1160089ED13 /* NetworkError.swift */,
				E53DA8BF23232AA0004D3E99 /* ActivityManager.swift */,
				E55A132A231EC1160089ED13 /* TedioffNubank.xcdatamodeld */,
			);
			path = Models;
			sourceTree = "<group>";
		};
		E55A133C231EC11D0089ED13 /* ViewControllers */ = {
			isa = PBXGroup;
			children = (
				E55A133D231EC11D0089ED13 /* ViewController.swift */,
			);
			name = ViewControllers;
			path = TedioffNubank/ViewControllers;
			sourceTree = SOURCE_ROOT;
		};
/* End PBXGroup section */

/* Begin PBXNativeTarget section */
		E55A12E0231EBF590089ED13 /* TedioffNubank */ = {
			isa = PBXNativeTarget;
			buildConfigurationList = E55A130C231EBF5C0089ED13 /* Build configuration list for PBXNativeTarget "TedioffNubank" */;
			buildPhases = (
				59FA94F1D78AE7C087FD2D42 /* [CP] Check Pods Manifest.lock */,
				E55A12DD231EBF590089ED13 /* Sources */,
				E55A12DE231EBF590089ED13 /* Frameworks */,
				E55A12DF231EBF590089ED13 /* Resources */,
				F50B552209AAE55469468BDE /* [CP] Embed Pods Frameworks */,
			);
			buildRules = (
			);
			dependencies = (
			);
			name = TedioffNubank;
			productName = TedioffNubank;
			productReference = E55A12E1231EBF590089ED13 /* TedioffNubank.app */;
			productType = "com.apple.product-type.application";
		};
		E55A12F7231EBF5C0089ED13 /* TedioffNubankTests */ = {
			isa = PBXNativeTarget;
			buildConfigurationList = E55A130F231EBF5C0089ED13 /* Build configuration list for PBXNativeTarget "TedioffNubankTests" */;
			buildPhases = (
				C129B83EAE0E420EC4AF41D2 /* [CP] Check Pods Manifest.lock */,
				E55A12F4231EBF5C0089ED13 /* Sources */,
				E55A12F5231EBF5C0089ED13 /* Frameworks */,
				E55A12F6231EBF5C0089ED13 /* Resources */,
				F5ECC0C8BE5C71AE522F0BE7 /* [CP] Embed Pods Frameworks */,
			);
			buildRules = (
			);
			dependencies = (
				E55A12FA231EBF5C0089ED13 /* PBXTargetDependency */,
			);
			name = TedioffNubankTests;
			productName = TedioffNubankTests;
			productReference = E55A12F8231EBF5C0089ED13 /* TedioffNubankTests.xctest */;
			productType = "com.apple.product-type.bundle.unit-test";
		};
		E55A1302231EBF5C0089ED13 /* TedioffNubankUITests */ = {
			isa = PBXNativeTarget;
			buildConfigurationList = E55A1312231EBF5C0089ED13 /* Build configuration list for PBXNativeTarget "TedioffNubankUITests" */;
			buildPhases = (
				8E15564CFD4A448A639D2645 /* [CP] Check Pods Manifest.lock */,
				E55A12FF231EBF5C0089ED13 /* Sources */,
				E55A1300231EBF5C0089ED13 /* Frameworks */,
				E55A1301231EBF5C0089ED13 /* Resources */,
			);
			buildRules = (
			);
			dependencies = (
				E55A1305231EBF5C0089ED13 /* PBXTargetDependency */,
			);
			name = TedioffNubankUITests;
			productName = TedioffNubankUITests;
			productReference = E55A1303231EBF5C0089ED13 /* TedioffNubankUITests.xctest */;
			productType = "com.apple.product-type.bundle.ui-testing";
		};
/* End PBXNativeTarget section */

/* Begin PBXProject section */
		E55A12D9231EBF590089ED13 /* Project object */ = {
			isa = PBXProject;
			attributes = {
				LastSwiftUpdateCheck = 1030;
				LastUpgradeCheck = 1030;
				ORGANIZATIONNAME = "Débora Oliveira";
				TargetAttributes = {
					E55A12E0231EBF590089ED13 = {
						CreatedOnToolsVersion = 10.3;
					};
					E55A12F7231EBF5C0089ED13 = {
						CreatedOnToolsVersion = 10.3;
						TestTargetID = E55A12E0231EBF590089ED13;
					};
					E55A1302231EBF5C0089ED13 = {
						CreatedOnToolsVersion = 10.3;
						TestTargetID = E55A12E0231EBF590089ED13;
					};
				};
			};
			buildConfigurationList = E55A12DC231EBF590089ED13 /* Build configuration list for PBXProject "TedioffNubank" */;
			compatibilityVersion = "Xcode 9.3";
			developmentRegion = en;
			hasScannedForEncodings = 0;
			knownRegions = (
				en,
				Base,
			);
			mainGroup = E55A12D8231EBF590089ED13;
			productRefGroup = E55A12E2231EBF590089ED13 /* Products */;
			projectDirPath = "";
			projectRoot = "";
			targets = (
				E55A12E0231EBF590089ED13 /* TedioffNubank */,
				E55A12F7231EBF5C0089ED13 /* TedioffNubankTests */,
				E55A1302231EBF5C0089ED13 /* TedioffNubankUITests */,
			);
		};
/* End PBXProject section */

/* Begin PBXResourcesBuildPhase section */
		E55A12DF231EBF590089ED13 /* Resources */ = {
			isa = PBXResourcesBuildPhase;
			buildActionMask = 2147483647;
			files = (
				E55A132C231EC1160089ED13 /* Assets.xcassets in Resources */,
				E55A132D231EC1160089ED13 /* LaunchScreen.storyboard in Resources */,
			);
			runOnlyForDeploymentPostprocessing = 0;
		};
		E55A12F6231EBF5C0089ED13 /* Resources */ = {
			isa = PBXResourcesBuildPhase;
			buildActionMask = 2147483647;
			files = (
			);
			runOnlyForDeploymentPostprocessing = 0;
		};
		E55A1301231EBF5C0089ED13 /* Resources */ = {
			isa = PBXResourcesBuildPhase;
			buildActionMask = 2147483647;
			files = (
			);
			runOnlyForDeploymentPostprocessing = 0;
		};
/* End PBXResourcesBuildPhase section */

/* Begin PBXShellScriptBuildPhase section */
		59FA94F1D78AE7C087FD2D42 /* [CP] Check Pods Manifest.lock */ = {
			isa = PBXShellScriptBuildPhase;
			buildActionMask = 2147483647;
			files = (
			);
			inputFileListPaths = (
			);
			inputPaths = (
				"${PODS_PODFILE_DIR_PATH}/Podfile.lock",
				"${PODS_ROOT}/Manifest.lock",
			);
			name = "[CP] Check Pods Manifest.lock";
			outputFileListPaths = (
			);
			outputPaths = (
				"$(DERIVED_FILE_DIR)/Pods-TedioffNubank-checkManifestLockResult.txt",
			);
			runOnlyForDeploymentPostprocessing = 0;
			shellPath = /bin/sh;
			shellScript = "diff \"${PODS_PODFILE_DIR_PATH}/Podfile.lock\" \"${PODS_ROOT}/Manifest.lock\" > /dev/null\nif [ $? != 0 ] ; then\n    # print error to STDERR\n    echo \"error: The sandbox is not in sync with the Podfile.lock. Run 'pod install' or update your CocoaPods installation.\" >&2\n    exit 1\nfi\n# This output is used by Xcode 'outputs' to avoid re-running this script phase.\necho \"SUCCESS\" > \"${SCRIPT_OUTPUT_FILE_0}\"\n";
			showEnvVarsInLog = 0;
		};
		8E15564CFD4A448A639D2645 /* [CP] Check Pods Manifest.lock */ = {
			isa = PBXShellScriptBuildPhase;
			buildActionMask = 2147483647;
			files = (
			);
			inputFileListPaths = (
			);
			inputPaths = (
				"${PODS_PODFILE_DIR_PATH}/Podfile.lock",
				"${PODS_ROOT}/Manifest.lock",
			);
			name = "[CP] Check Pods Manifest.lock";
			outputFileListPaths = (
			);
			outputPaths = (
				"$(DERIVED_FILE_DIR)/Pods-TedioffNubankUITests-checkManifestLockResult.txt",
			);
			runOnlyForDeploymentPostprocessing = 0;
			shellPath = /bin/sh;
			shellScript = "diff \"${PODS_PODFILE_DIR_PATH}/Podfile.lock\" \"${PODS_ROOT}/Manifest.lock\" > /dev/null\nif [ $? != 0 ] ; then\n    # print error to STDERR\n    echo \"error: The sandbox is not in sync with the Podfile.lock. Run 'pod install' or update your CocoaPods installation.\" >&2\n    exit 1\nfi\n# This output is used by Xcode 'outputs' to avoid re-running this script phase.\necho \"SUCCESS\" > \"${SCRIPT_OUTPUT_FILE_0}\"\n";
			showEnvVarsInLog = 0;
		};
		C129B83EAE0E420EC4AF41D2 /* [CP] Check Pods Manifest.lock */ = {
			isa = PBXShellScriptBuildPhase;
			buildActionMask = 2147483647;
			files = (
			);
			inputFileListPaths = (
			);
			inputPaths = (
				"${PODS_PODFILE_DIR_PATH}/Podfile.lock",
				"${PODS_ROOT}/Manifest.lock",
			);
			name = "[CP] Check Pods Manifest.lock";
			outputFileListPaths = (
			);
			outputPaths = (
				"$(DERIVED_FILE_DIR)/Pods-TedioffNubankTests-checkManifestLockResult.txt",
			);
			runOnlyForDeploymentPostprocessing = 0;
			shellPath = /bin/sh;
			shellScript = "diff \"${PODS_PODFILE_DIR_PATH}/Podfile.lock\" \"${PODS_ROOT}/Manifest.lock\" > /dev/null\nif [ $? != 0 ] ; then\n    # print error to STDERR\n    echo \"error: The sandbox is not in sync with the Podfile.lock. Run 'pod install' or update your CocoaPods installation.\" >&2\n    exit 1\nfi\n# This output is used by Xcode 'outputs' to avoid re-running this script phase.\necho \"SUCCESS\" > \"${SCRIPT_OUTPUT_FILE_0}\"\n";
			showEnvVarsInLog = 0;
		};
		F50B552209AAE55469468BDE /* [CP] Embed Pods Frameworks */ = {
			isa = PBXShellScriptBuildPhase;
			buildActionMask = 2147483647;
			files = (
			);
			inputFileListPaths = (
				"${PODS_ROOT}/Target Support Files/Pods-TedioffNubank/Pods-TedioffNubank-frameworks-${CONFIGURATION}-input-files.xcfilelist",
			);
			name = "[CP] Embed Pods Frameworks";
			outputFileListPaths = (
				"${PODS_ROOT}/Target Support Files/Pods-TedioffNubank/Pods-TedioffNubank-frameworks-${CONFIGURATION}-output-files.xcfilelist",
			);
			runOnlyForDeploymentPostprocessing = 0;
			shellPath = /bin/sh;
			shellScript = "\"${PODS_ROOT}/Target Support Files/Pods-TedioffNubank/Pods-TedioffNubank-frameworks.sh\"\n";
			showEnvVarsInLog = 0;
		};
		F5ECC0C8BE5C71AE522F0BE7 /* [CP] Embed Pods Frameworks */ = {
			isa = PBXShellScriptBuildPhase;
			buildActionMask = 2147483647;
			files = (
			);
			inputFileListPaths = (
				"${PODS_ROOT}/Target Support Files/Pods-TedioffNubankTests/Pods-TedioffNubankTests-frameworks-${CONFIGURATION}-input-files.xcfilelist",
			);
			name = "[CP] Embed Pods Frameworks";
			outputFileListPaths = (
				"${PODS_ROOT}/Target Support Files/Pods-TedioffNubankTests/Pods-TedioffNubankTests-frameworks-${CONFIGURATION}-output-files.xcfilelist",
			);
			runOnlyForDeploymentPostprocessing = 0;
			shellPath = /bin/sh;
			shellScript = "\"${PODS_ROOT}/Target Support Files/Pods-TedioffNubankTests/Pods-TedioffNubankTests-frameworks.sh\"\n";
			showEnvVarsInLog = 0;
		};
/* End PBXShellScriptBuildPhase section */

/* Begin PBXSourcesBuildPhase section */
		E55A12DD231EBF590089ED13 /* Sources */ = {
			isa = PBXSourcesBuildPhase;
			buildActionMask = 2147483647;
			files = (
				E55A132E231EC1160089ED13 /* GetActivityView.swift in Sources */,
				E55A133A231EC1160089ED13 /* NetworkError.swift in Sources */,
				E55A1333231EC1160089ED13 /* CardRowView.swift in Sources */,
				E55A132F231EC1160089ED13 /* CardView.swift in Sources */,
				E55A1330231EC1160089ED13 /* UIColor+Custom.swift in Sources */,
				E55A1338231EC1160089ED13 /* ActivityType.swift in Sources */,
				E53DA8BC23215FDE004D3E99 /* Controller.swift in Sources */,
				E55A1334231EC1160089ED13 /* CardViewModel.swift in Sources */,
				E55A133B231EC1160089ED13 /* TedioffNubank.xcdatamodeld in Sources */,
				E55A1337231EC1160089ED13 /* Network.swift in Sources */,
				E55A1336231EC1160089ED13 /* CardRowViewModel.swift in Sources */,
				E55A1332231EC1160089ED13 /* UIView+Constraints.swift in Sources */,
				E55A12E5231EBF5A0089ED13 /* AppDelegate.swift in Sources */,
				E53DA8C023232AA0004D3E99 /* ActivityManager.swift in Sources */,
				E55A1331231EC1160089ED13 /* UIFonts+Custom.swift in Sources */,
				E55A1339231EC1160089ED13 /* Activity.swift in Sources */,
				E53DA8BE2322DE06004D3E99 /* BaseView.swift in Sources */,
				E55A133E231EC11E0089ED13 /* ViewController.swift in Sources */,
				E55A1335231EC1160089ED13 /* MainViewModel.swift in Sources */,
			);
			runOnlyForDeploymentPostprocessing = 0;
		};
		E55A12F4231EBF5C0089ED13 /* Sources */ = {
			isa = PBXSourcesBuildPhase;
			buildActionMask = 2147483647;
			files = (
				E55A12FD231EBF5C0089ED13 /* TedioffNubankTests.swift in Sources */,
			);
			runOnlyForDeploymentPostprocessing = 0;
		};
		E55A12FF231EBF5C0089ED13 /* Sources */ = {
			isa = PBXSourcesBuildPhase;
			buildActionMask = 2147483647;
			files = (
				E55A1308231EBF5C0089ED13 /* TedioffNubankUITests.swift in Sources */,
			);
			runOnlyForDeploymentPostprocessing = 0;
		};
/* End PBXSourcesBuildPhase section */

/* Begin PBXTargetDependency section */
		E55A12FA231EBF5C0089ED13 /* PBXTargetDependency */ = {
			isa = PBXTargetDependency;
			target = E55A12E0231EBF590089ED13 /* TedioffNubank */;
			targetProxy = E55A12F9231EBF5C0089ED13 /* PBXContainerItemProxy */;
		};
		E55A1305231EBF5C0089ED13 /* PBXTargetDependency */ = {
			isa = PBXTargetDependency;
			target = E55A12E0231EBF590089ED13 /* TedioffNubank */;
			targetProxy = E55A1304231EBF5C0089ED13 /* PBXContainerItemProxy */;
		};
/* End PBXTargetDependency section */

/* Begin PBXVariantGroup section */
		E55A1317231EC1160089ED13 /* LaunchScreen.storyboard */ = {
			isa = PBXVariantGroup;
			children = (
				E55A1318231EC1160089ED13 /* Base */,
			);
			name = LaunchScreen.storyboard;
			sourceTree = "<group>";
		};
/* End PBXVariantGroup section */

/* Begin XCBuildConfiguration section */
		E55A130A231EBF5C0089ED13 /* Debug */ = {
			isa = XCBuildConfiguration;
			buildSettings = {
				ALWAYS_SEARCH_USER_PATHS = NO;
				CLANG_ANALYZER_NONNULL = YES;
				CLANG_ANALYZER_NUMBER_OBJECT_CONVERSION = YES_AGGRESSIVE;
				CLANG_CXX_LANGUAGE_STANDARD = "gnu++14";
				CLANG_CXX_LIBRARY = "libc++";
				CLANG_ENABLE_MODULES = YES;
				CLANG_ENABLE_OBJC_ARC = YES;
				CLANG_ENABLE_OBJC_WEAK = YES;
				CLANG_WARN_BLOCK_CAPTURE_AUTORELEASING = YES;
				CLANG_WARN_BOOL_CONVERSION = YES;
				CLANG_WARN_COMMA = YES;
				CLANG_WARN_CONSTANT_CONVERSION = YES;
				CLANG_WARN_DEPRECATED_OBJC_IMPLEMENTATIONS = YES;
				CLANG_WARN_DIRECT_OBJC_ISA_USAGE = YES_ERROR;
				CLANG_WARN_DOCUMENTATION_COMMENTS = YES;
				CLANG_WARN_EMPTY_BODY = YES;
				CLANG_WARN_ENUM_CONVERSION = YES;
				CLANG_WARN_INFINITE_RECURSION = YES;
				CLANG_WARN_INT_CONVERSION = YES;
				CLANG_WARN_NON_LITERAL_NULL_CONVERSION = YES;
				CLANG_WARN_OBJC_IMPLICIT_RETAIN_SELF = YES;
				CLANG_WARN_OBJC_LITERAL_CONVERSION = YES;
				CLANG_WARN_OBJC_ROOT_CLASS = YES_ERROR;
				CLANG_WARN_RANGE_LOOP_ANALYSIS = YES;
				CLANG_WARN_STRICT_PROTOTYPES = YES;
				CLANG_WARN_SUSPICIOUS_MOVE = YES;
				CLANG_WARN_UNGUARDED_AVAILABILITY = YES_AGGRESSIVE;
				CLANG_WARN_UNREACHABLE_CODE = YES;
				CLANG_WARN__DUPLICATE_METHOD_MATCH = YES;
				CODE_SIGN_IDENTITY = "iPhone Developer";
				COPY_PHASE_STRIP = NO;
				DEBUG_INFORMATION_FORMAT = dwarf;
				ENABLE_STRICT_OBJC_MSGSEND = YES;
				ENABLE_TESTABILITY = YES;
				GCC_C_LANGUAGE_STANDARD = gnu11;
				GCC_DYNAMIC_NO_PIC = NO;
				GCC_NO_COMMON_BLOCKS = YES;
				GCC_OPTIMIZATION_LEVEL = 0;
				GCC_PREPROCESSOR_DEFINITIONS = (
					"DEBUG=1",
					"$(inherited)",
				);
				GCC_WARN_64_TO_32_BIT_CONVERSION = YES;
				GCC_WARN_ABOUT_RETURN_TYPE = YES_ERROR;
				GCC_WARN_UNDECLARED_SELECTOR = YES;
				GCC_WARN_UNINITIALIZED_AUTOS = YES_AGGRESSIVE;
				GCC_WARN_UNUSED_FUNCTION = YES;
				GCC_WARN_UNUSED_VARIABLE = YES;
				IPHONEOS_DEPLOYMENT_TARGET = 12.4;
				MTL_ENABLE_DEBUG_INFO = INCLUDE_SOURCE;
				MTL_FAST_MATH = YES;
				ONLY_ACTIVE_ARCH = YES;
				SDKROOT = iphoneos;
				SWIFT_ACTIVE_COMPILATION_CONDITIONS = DEBUG;
				SWIFT_OPTIMIZATION_LEVEL = "-Onone";
			};
			name = Debug;
		};
		E55A130B231EBF5C0089ED13 /* Release */ = {
			isa = XCBuildConfiguration;
			buildSettings = {
				ALWAYS_SEARCH_USER_PATHS = NO;
				CLANG_ANALYZER_NONNULL = YES;
				CLANG_ANALYZER_NUMBER_OBJECT_CONVERSION = YES_AGGRESSIVE;
				CLANG_CXX_LANGUAGE_STANDARD = "gnu++14";
				CLANG_CXX_LIBRARY = "libc++";
				CLANG_ENABLE_MODULES = YES;
				CLANG_ENABLE_OBJC_ARC = YES;
				CLANG_ENABLE_OBJC_WEAK = YES;
				CLANG_WARN_BLOCK_CAPTURE_AUTORELEASING = YES;
				CLANG_WARN_BOOL_CONVERSION = YES;
				CLANG_WARN_COMMA = YES;
				CLANG_WARN_CONSTANT_CONVERSION = YES;
				CLANG_WARN_DEPRECATED_OBJC_IMPLEMENTATIONS = YES;
				CLANG_WARN_DIRECT_OBJC_ISA_USAGE = YES_ERROR;
				CLANG_WARN_DOCUMENTATION_COMMENTS = YES;
				CLANG_WARN_EMPTY_BODY = YES;
				CLANG_WARN_ENUM_CONVERSION = YES;
				CLANG_WARN_INFINITE_RECURSION = YES;
				CLANG_WARN_INT_CONVERSION = YES;
				CLANG_WARN_NON_LITERAL_NULL_CONVERSION = YES;
				CLANG_WARN_OBJC_IMPLICIT_RETAIN_SELF = YES;
				CLANG_WARN_OBJC_LITERAL_CONVERSION = YES;
				CLANG_WARN_OBJC_ROOT_CLASS = YES_ERROR;
				CLANG_WARN_RANGE_LOOP_ANALYSIS = YES;
				CLANG_WARN_STRICT_PROTOTYPES = YES;
				CLANG_WARN_SUSPICIOUS_MOVE = YES;
				CLANG_WARN_UNGUARDED_AVAILABILITY = YES_AGGRESSIVE;
				CLANG_WARN_UNREACHABLE_CODE = YES;
				CLANG_WARN__DUPLICATE_METHOD_MATCH = YES;
				CODE_SIGN_IDENTITY = "iPhone Developer";
				COPY_PHASE_STRIP = NO;
				DEBUG_INFORMATION_FORMAT = "dwarf-with-dsym";
				ENABLE_NS_ASSERTIONS = NO;
				ENABLE_STRICT_OBJC_MSGSEND = YES;
				GCC_C_LANGUAGE_STANDARD = gnu11;
				GCC_NO_COMMON_BLOCKS = YES;
				GCC_WARN_64_TO_32_BIT_CONVERSION = YES;
				GCC_WARN_ABOUT_RETURN_TYPE = YES_ERROR;
				GCC_WARN_UNDECLARED_SELECTOR = YES;
				GCC_WARN_UNINITIALIZED_AUTOS = YES_AGGRESSIVE;
				GCC_WARN_UNUSED_FUNCTION = YES;
				GCC_WARN_UNUSED_VARIABLE = YES;
				IPHONEOS_DEPLOYMENT_TARGET = 12.4;
				MTL_ENABLE_DEBUG_INFO = NO;
				MTL_FAST_MATH = YES;
				SDKROOT = iphoneos;
				SWIFT_COMPILATION_MODE = wholemodule;
				SWIFT_OPTIMIZATION_LEVEL = "-O";
				VALIDATE_PRODUCT = YES;
			};
			name = Release;
		};
		E55A130D231EBF5C0089ED13 /* Debug */ = {
			isa = XCBuildConfiguration;
			baseConfigurationReference = E5E59E47CC580B1589065B06 /* Pods-TedioffNubank.debug.xcconfig */;
			buildSettings = {
				ASSETCATALOG_COMPILER_APPICON_NAME = AppIcon;
				CODE_SIGN_STYLE = Automatic;
				DEVELOPMENT_TEAM = 4YUW7D4357;
				INFOPLIST_FILE = TedioffNubank/Info.plist;
				LD_RUNPATH_SEARCH_PATHS = (
					"$(inherited)",
					"@executable_path/Frameworks",
				);
				PRODUCT_BUNDLE_IDENTIFIER = deboraoliveira.TedioffNubank;
				PRODUCT_NAME = "$(TARGET_NAME)";
				SWIFT_VERSION = 5.0;
				TARGETED_DEVICE_FAMILY = "1,2";
			};
			name = Debug;
		};
		E55A130E231EBF5C0089ED13 /* Release */ = {
			isa = XCBuildConfiguration;
			baseConfigurationReference = 06813D7A9CF76C32F8BE7D36 /* Pods-TedioffNubank.release.xcconfig */;
			buildSettings = {
				ASSETCATALOG_COMPILER_APPICON_NAME = AppIcon;
				CODE_SIGN_STYLE = Automatic;
				DEVELOPMENT_TEAM = 4YUW7D4357;
				INFOPLIST_FILE = TedioffNubank/Info.plist;
				LD_RUNPATH_SEARCH_PATHS = (
					"$(inherited)",
					"@executable_path/Frameworks",
				);
				PRODUCT_BUNDLE_IDENTIFIER = deboraoliveira.TedioffNubank;
				PRODUCT_NAME = "$(TARGET_NAME)";
				SWIFT_VERSION = 5.0;
				TARGETED_DEVICE_FAMILY = "1,2";
			};
			name = Release;
		};
		E55A1310231EBF5C0089ED13 /* Debug */ = {
			isa = XCBuildConfiguration;
			baseConfigurationReference = EFEA06CD3740F8373BD8F2E7 /* Pods-TedioffNubankTests.debug.xcconfig */;
			buildSettings = {
				ALWAYS_EMBED_SWIFT_STANDARD_LIBRARIES = YES;
				BUNDLE_LOADER = "$(TEST_HOST)";
				CODE_SIGN_STYLE = Automatic;
				DEVELOPMENT_TEAM = 4YUW7D4357;
				INFOPLIST_FILE = TedioffNubankTests/Info.plist;
				LD_RUNPATH_SEARCH_PATHS = (
					"$(inherited)",
					"@executable_path/Frameworks",
					"@loader_path/Frameworks",
				);
				PRODUCT_BUNDLE_IDENTIFIER = deboraoliveira.TedioffNubankTests;
				PRODUCT_NAME = "$(TARGET_NAME)";
				SWIFT_VERSION = 5.0;
				TARGETED_DEVICE_FAMILY = "1,2";
				TEST_HOST = "$(BUILT_PRODUCTS_DIR)/TedioffNubank.app/TedioffNubank";
			};
			name = Debug;
		};
		E55A1311231EBF5C0089ED13 /* Release */ = {
			isa = XCBuildConfiguration;
			baseConfigurationReference = 7DF441CC5987883F99341D67 /* Pods-TedioffNubankTests.release.xcconfig */;
			buildSettings = {
				ALWAYS_EMBED_SWIFT_STANDARD_LIBRARIES = YES;
				BUNDLE_LOADER = "$(TEST_HOST)";
				CODE_SIGN_STYLE = Automatic;
				DEVELOPMENT_TEAM = 4YUW7D4357;
				INFOPLIST_FILE = TedioffNubankTests/Info.plist;
				LD_RUNPATH_SEARCH_PATHS = (
					"$(inherited)",
					"@executable_path/Frameworks",
					"@loader_path/Frameworks",
				);
				PRODUCT_BUNDLE_IDENTIFIER = deboraoliveira.TedioffNubankTests;
				PRODUCT_NAME = "$(TARGET_NAME)";
				SWIFT_VERSION = 5.0;
				TARGETED_DEVICE_FAMILY = "1,2";
				TEST_HOST = "$(BUILT_PRODUCTS_DIR)/TedioffNubank.app/TedioffNubank";
			};
			name = Release;
		};
		E55A1313231EBF5C0089ED13 /* Debug */ = {
			isa = XCBuildConfiguration;
			baseConfigurationReference = DC3442C90D8B388D402D8A56 /* Pods-TedioffNubankUITests.debug.xcconfig */;
			buildSettings = {
				ALWAYS_EMBED_SWIFT_STANDARD_LIBRARIES = YES;
				CODE_SIGN_STYLE = Automatic;
				DEVELOPMENT_TEAM = 4YUW7D4357;
				INFOPLIST_FILE = TedioffNubankUITests/Info.plist;
				LD_RUNPATH_SEARCH_PATHS = (
					"$(inherited)",
					"@executable_path/Frameworks",
					"@loader_path/Frameworks",
				);
				PRODUCT_BUNDLE_IDENTIFIER = deboraoliveira.TedioffNubankUITests;
				PRODUCT_NAME = "$(TARGET_NAME)";
				SWIFT_VERSION = 5.0;
				TARGETED_DEVICE_FAMILY = "1,2";
				TEST_TARGET_NAME = TedioffNubank;
			};
			name = Debug;
		};
		E55A1314231EBF5C0089ED13 /* Release */ = {
			isa = XCBuildConfiguration;
			baseConfigurationReference = B0C0FACD09985737A18AA294 /* Pods-TedioffNubankUITests.release.xcconfig */;
			buildSettings = {
				ALWAYS_EMBED_SWIFT_STANDARD_LIBRARIES = YES;
				CODE_SIGN_STYLE = Automatic;
				DEVELOPMENT_TEAM = 4YUW7D4357;
				INFOPLIST_FILE = TedioffNubankUITests/Info.plist;
				LD_RUNPATH_SEARCH_PATHS = (
					"$(inherited)",
					"@executable_path/Frameworks",
					"@loader_path/Frameworks",
				);
				PRODUCT_BUNDLE_IDENTIFIER = deboraoliveira.TedioffNubankUITests;
				PRODUCT_NAME = "$(TARGET_NAME)";
				SWIFT_VERSION = 5.0;
				TARGETED_DEVICE_FAMILY = "1,2";
				TEST_TARGET_NAME = TedioffNubank;
			};
			name = Release;
		};
/* End XCBuildConfiguration section */

/* Begin XCConfigurationList section */
		E55A12DC231EBF590089ED13 /* Build configuration list for PBXProject "TedioffNubank" */ = {
			isa = XCConfigurationList;
			buildConfigurations = (
				E55A130A231EBF5C0089ED13 /* Debug */,
				E55A130B231EBF5C0089ED13 /* Release */,
			);
			defaultConfigurationIsVisible = 0;
			defaultConfigurationName = Release;
		};
		E55A130C231EBF5C0089ED13 /* Build configuration list for PBXNativeTarget "TedioffNubank" */ = {
			isa = XCConfigurationList;
			buildConfigurations = (
				E55A130D231EBF5C0089ED13 /* Debug */,
				E55A130E231EBF5C0089ED13 /* Release */,
			);
			defaultConfigurationIsVisible = 0;
			defaultConfigurationName = Release;
		};
		E55A130F231EBF5C0089ED13 /* Build configuration list for PBXNativeTarget "TedioffNubankTests" */ = {
			isa = XCConfigurationList;
			buildConfigurations = (
				E55A1310231EBF5C0089ED13 /* Debug */,
				E55A1311231EBF5C0089ED13 /* Release */,
			);
			defaultConfigurationIsVisible = 0;
			defaultConfigurationName = Release;
		};
		E55A1312231EBF5C0089ED13 /* Build configuration list for PBXNativeTarget "TedioffNubankUITests" */ = {
			isa = XCConfigurationList;
			buildConfigurations = (
				E55A1313231EBF5C0089ED13 /* Debug */,
				E55A1314231EBF5C0089ED13 /* Release */,
			);
			defaultConfigurationIsVisible = 0;
			defaultConfigurationName = Release;
		};
/* End XCConfigurationList section */

/* Begin XCVersionGroup section */
		E55A132A231EC1160089ED13 /* TedioffNubank.xcdatamodeld */ = {
			isa = XCVersionGroup;
			children = (
				E55A132B231EC1160089ED13 /* TedioffNubank.xcdatamodel */,
			);
			currentVersion = E55A132B231EC1160089ED13 /* TedioffNubank.xcdatamodel */;
			path = TedioffNubank.xcdatamodeld;
			sourceTree = "<group>";
			versionGroupType = wrapper.xcdatamodel;
		};
/* End XCVersionGroup section */
	};
	rootObject = E55A12D9231EBF590089ED13 /* Project object */;
}
